
Microsoft Visual Studio Solution File, Format Version 12.00
# Visual Studio 14
VisualStudioVersion = 14.0.23107.0
MinimumVisualStudioVersion = 10.0.40219.1
Project("{FAE04EC0-301F-11D3-BF4B-00C04F79EFBC}") = "Gestion_Pharmacie_V3", "Gestion_Pharmacie_V3\Gestion_Pharmacie_V3.csproj", "{CBE56D0F-469E-478A-9534-8287385B247B}"
EndProject
Global
	GlobalSection(SolutionConfigurationPlatforms) = preSolution
		Debug|Any CPU = Debug|Any CPU
		Release|Any CPU = Release|Any CPU
	EndGlobalSection
	GlobalSection(ProjectConfigurationPlatforms) = postSolution
		{CBE56D0F-469E-478A-9534-8287385B247B}.Debug|Any CPU.ActiveCfg = Debug|Any CPU
		{CBE56D0F-469E-478A-9534-8287385B247B}.Debug|Any CPU.Build.0 = Debug|Any CPU
		{CBE56D0F-469E-478A-9534-8287385B247B}.Release|Any CPU.ActiveCfg = Release|Any CPU
		{CBE56D0F-469E-478A-9534-8287385B247B}.Release|Any CPU.Build.0 = Release|Any CPU
	EndGlobalSection
	GlobalSection(SolutionProperties) = preSolution
		HideSolutionNode = FALSE
	EndGlobalSection
EndGlobal
